
Microsoft Visual Studio Solution File, Format Version 12.00
# Visual Studio Version 17
VisualStudioVersion = 17.6.33815.320
MinimumVisualStudioVersion = 10.0.40219.1
Project("{2150E333-8FDC-42A3-9474-1A3956D46DE8}") = "90 Presentation", "90 Presentation", "{714EC6A5-5562-4F01-A8FA-02D088CC73CD}"
EndProject
Project("{9A19103F-16F7-4668-BE54-9A1E7A4F7556}") = "BrewUp", "BrewUp\BrewUp.csproj", "{E9BE7803-9D47-46BF-AD8B-EE60FFE21E1C}"
EndProject
Project("{2150E333-8FDC-42A3-9474-1A3956D46DE8}") = "50 Modules", "50 Modules", "{D755C7A9-B931-4327-8F51-69300620B3B5}"
EndProject
Project("{2150E333-8FDC-42A3-9474-1A3956D46DE8}") = "Purchases", "Purchases", "{E7AE555E-31B8-494B-BD26-6CF3D9716C9E}"
EndProject
Project("{2150E333-8FDC-42A3-9474-1A3956D46DE8}") = "Warehouses", "Warehouses", "{4FF3E751-F860-4584-A608-0B8FFDF40853}"
EndProject
Project("{9A19103F-16F7-4668-BE54-9A1E7A4F7556}") = "BrewUp.Modules.Purchases", "BrewUp.Purchases\BrewUp.Modules.Purchases\BrewUp.Modules.Purchases.csproj", "{EBA2816A-C8A1-486B-A544-69A51EA4BE57}"
EndProject
Project("{9A19103F-16F7-4668-BE54-9A1E7A4F7556}") = "BrewUp.Modules.Warehouses", "BrewUp.Warehouses\BrewUp.Modules.Warehouses\BrewUp.Modules.Warehouses.csproj", "{C342E463-2989-4AE9-8F68-E041FB256EF6}"
EndProject
Project("{9A19103F-16F7-4668-BE54-9A1E7A4F7556}") = "BrewUp.Modules.Purchases.Messages", "BrewUp.Purchases\BrewUp.Modules.Purchases.Messages\BrewUp.Modules.Purchases.Messages.csproj", "{94D2B8C0-17C4-4074-95F4-A90D0B716F5D}"
EndProject
Project("{2150E333-8FDC-42A3-9474-1A3956D46DE8}") = "30 Shared", "30 Shared", "{E8B3861E-EB5A-4482-B1F8-A526F096B690}"
EndProject
Project("{9A19103F-16F7-4668-BE54-9A1E7A4F7556}") = "BrewUp.Shared", "BrewUp.Shared\BrewUp.Shared.csproj", "{919F2264-18AC-41AA-A6E4-D0B1D98F3BDE}"
EndProject
Project("{9A19103F-16F7-4668-BE54-9A1E7A4F7556}") = "BrewUp.Modules.Purchases.SharedKernel", "BrewUp.Purchases\BrewUp.Modules.Purchases.SharedKernel\BrewUp.Modules.Purchases.SharedKernel.csproj", "{C07B89DD-28C1-4894-B728-3449215D2AD6}"
EndProject
Project("{9A19103F-16F7-4668-BE54-9A1E7A4F7556}") = "BrewUp.Modules.Purchases.ReadModel", "BrewUp.Purchases\BrewUp.Modules.Purchases.ReadModel\BrewUp.Modules.Purchases.ReadModel.csproj", "{AFC10FB5-D453-4E2D-8264-EAC643D2408A}"
EndProject
Project("{9A19103F-16F7-4668-BE54-9A1E7A4F7556}") = "BrewUp.Modules.Purchases.Domain", "BrewUp.Purchases\BrewUp.Modules.Purchases.Domain\BrewUp.Modules.Purchases.Domain.csproj", "{9A4441C0-AA26-486B-9369-620DB8D12C3D}"
EndProject
Project("{9A19103F-16F7-4668-BE54-9A1E7A4F7556}") = "BrewUp.Modules.Warehouses.Domain", "BrewUp.Warehouses\BrewUp.Modules.Warehouses.Domain\BrewUp.Modules.Warehouses.Domain.csproj", "{5F27E9C5-68F2-4D64-AEB3-779BF7A097D8}"
EndProject
Project("{9A19103F-16F7-4668-BE54-9A1E7A4F7556}") = "BrewUp.Modules.Warehouses.ReadModel", "BrewUp.Warehouses\BrewUp.Modules.Warehouses.ReadModel\BrewUp.Modules.Warehouses.ReadModel.csproj", "{6FEF87BD-4736-44C3-847B-500DACC1525A}"
EndProject
Project("{2150E333-8FDC-42A3-9474-1A3956D46DE8}") = "Tests", "Tests", "{5679DA18-65A7-4292-8633-71C79BAA53A5}"
EndProject
Project("{2150E333-8FDC-42A3-9474-1A3956D46DE8}") = "Sagas", "Sagas", "{3987B37F-EB5F-417D-9E34-53CD4AA37F66}"
EndProject
Project("{9A19103F-16F7-4668-BE54-9A1E7A4F7556}") = "BrewUp.Modules.Sagas", "BrewUp.Modules.Sagas\BrewUp.Modules.Sagas.csproj", "{AAA5EB89-0AD8-4428-B608-0B703D92CAFF}"
EndProject
Project("{2150E333-8FDC-42A3-9474-1A3956D46DE8}") = "Tests", "Tests", "{9BDDD242-BE44-4B3B-8A0E-71FC908F2854}"
EndProject
Project("{9A19103F-16F7-4668-BE54-9A1E7A4F7556}") = "BrewUp.Modules.Warehouses.NetArchTests", "BrewUp.Warehouses\BrewUp.Modules.Warehouses.NetArchTests\BrewUp.Modules.Warehouses.NetArchTests.csproj", "{1B539711-2D07-45A0-A987-0FF3037E901D}"
EndProject
Project("{9A19103F-16F7-4668-BE54-9A1E7A4F7556}") = "BrewUp.Modules.Purchases.NetArchTests", "BrewUp.Purchases\BrewUp.Modules.Purchases.NetArchTests\BrewUp.Modules.Purchases.NetArchTests.csproj", "{29DE16A5-D298-49B5-AAA6-7E0B0C566F3E}"
EndProject
Project("{E53339B2-1760-4266-BCC7-CA923CBCF16C}") = "docker-compose", "docker-compose.dcproj", "{9FA77CF5-B499-4E2A-BD6C-7CE9C57314B4}"
EndProject
Project("{2150E333-8FDC-42A3-9474-1A3956D46DE8}") = "Tests", "Tests", "{5302FF2B-9B32-4B44-A49E-EA79F6B2C848}"
EndProject
Project("{9A19103F-16F7-4668-BE54-9A1E7A4F7556}") = "BrewUp.Tests", "BrewUp.Tests\BrewUp.Tests.csproj", "{91ACD91F-EFF3-4B72-BB25-E4633DB30BE2}"
EndProject
Project("{2150E333-8FDC-42A3-9474-1A3956D46DE8}") = "80 Infrastructure", "80 Infrastructure", "{2635E835-D07B-49E4-BEF9-BCE2EFA0340C}"
EndProject
Project("{FAE04EC0-301F-11D3-BF4B-00C04F79EFBC}") = "BrewUp.Infrastructure", "BrewUp.Infrastructure\BrewUp.Infrastructure.csproj", "{6C80D217-9A12-4B98-B9DB-9745C35E3D38}"
EndProject
Project("{2150E333-8FDC-42A3-9474-1A3956D46DE8}") = "40 ReadModel", "40 ReadModel", "{6FE04A4A-E79B-4EAC-922C-72FA20308DA1}"
EndProject
Project("{FAE04EC0-301F-11D3-BF4B-00C04F79EFBC}") = "BrewUp.ReadModel", "BrewUp.ReadModel\BrewUp.ReadModel.csproj", "{1B245706-E996-4D96-B6ED-32CF06CF47BB}"
EndProject
Global
	GlobalSection(SolutionConfigurationPlatforms) = preSolution
		Debug|Any CPU = Debug|Any CPU
		Release|Any CPU = Release|Any CPU
	EndGlobalSection
	GlobalSection(ProjectConfigurationPlatforms) = postSolution
		{E9BE7803-9D47-46BF-AD8B-EE60FFE21E1C}.Debug|Any CPU.ActiveCfg = Debug|Any CPU
		{E9BE7803-9D47-46BF-AD8B-EE60FFE21E1C}.Debug|Any CPU.Build.0 = Debug|Any CPU
		{E9BE7803-9D47-46BF-AD8B-EE60FFE21E1C}.Release|Any CPU.ActiveCfg = Release|Any CPU
		{E9BE7803-9D47-46BF-AD8B-EE60FFE21E1C}.Release|Any CPU.Build.0 = Release|Any CPU
		{EBA2816A-C8A1-486B-A544-69A51EA4BE57}.Debug|Any CPU.ActiveCfg = Debug|Any CPU
		{EBA2816A-C8A1-486B-A544-69A51EA4BE57}.Debug|Any CPU.Build.0 = Debug|Any CPU
		{EBA2816A-C8A1-486B-A544-69A51EA4BE57}.Release|Any CPU.ActiveCfg = Release|Any CPU
		{EBA2816A-C8A1-486B-A544-69A51EA4BE57}.Release|Any CPU.Build.0 = Release|Any CPU
		{C342E463-2989-4AE9-8F68-E041FB256EF6}.Debug|Any CPU.ActiveCfg = Debug|Any CPU
		{C342E463-2989-4AE9-8F68-E041FB256EF6}.Debug|Any CPU.Build.0 = Debug|Any CPU
		{C342E463-2989-4AE9-8F68-E041FB256EF6}.Release|Any CPU.ActiveCfg = Release|Any CPU
		{C342E463-2989-4AE9-8F68-E041FB256EF6}.Release|Any CPU.Build.0 = Release|Any CPU
		{94D2B8C0-17C4-4074-95F4-A90D0B716F5D}.Debug|Any CPU.ActiveCfg = Debug|Any CPU
		{94D2B8C0-17C4-4074-95F4-A90D0B716F5D}.Debug|Any CPU.Build.0 = Debug|Any CPU
		{94D2B8C0-17C4-4074-95F4-A90D0B716F5D}.Release|Any CPU.ActiveCfg = Release|Any CPU
		{94D2B8C0-17C4-4074-95F4-A90D0B716F5D}.Release|Any CPU.Build.0 = Release|Any CPU
		{919F2264-18AC-41AA-A6E4-D0B1D98F3BDE}.Debug|Any CPU.ActiveCfg = Debug|Any CPU
		{919F2264-18AC-41AA-A6E4-D0B1D98F3BDE}.Debug|Any CPU.Build.0 = Debug|Any CPU
		{919F2264-18AC-41AA-A6E4-D0B1D98F3BDE}.Release|Any CPU.ActiveCfg = Release|Any CPU
		{919F2264-18AC-41AA-A6E4-D0B1D98F3BDE}.Release|Any CPU.Build.0 = Release|Any CPU
		{C07B89DD-28C1-4894-B728-3449215D2AD6}.Debug|Any CPU.ActiveCfg = Debug|Any CPU
		{C07B89DD-28C1-4894-B728-3449215D2AD6}.Debug|Any CPU.Build.0 = Debug|Any CPU
		{C07B89DD-28C1-4894-B728-3449215D2AD6}.Release|Any CPU.ActiveCfg = Release|Any CPU
		{C07B89DD-28C1-4894-B728-3449215D2AD6}.Release|Any CPU.Build.0 = Release|Any CPU
		{AFC10FB5-D453-4E2D-8264-EAC643D2408A}.Debug|Any CPU.ActiveCfg = Debug|Any CPU
		{AFC10FB5-D453-4E2D-8264-EAC643D2408A}.Debug|Any CPU.Build.0 = Debug|Any CPU
		{AFC10FB5-D453-4E2D-8264-EAC643D2408A}.Release|Any CPU.ActiveCfg = Release|Any CPU
		{AFC10FB5-D453-4E2D-8264-EAC643D2408A}.Release|Any CPU.Build.0 = Release|Any CPU
		{9A4441C0-AA26-486B-9369-620DB8D12C3D}.Debug|Any CPU.ActiveCfg = Debug|Any CPU
		{9A4441C0-AA26-486B-9369-620DB8D12C3D}.Debug|Any CPU.Build.0 = Debug|Any CPU
		{9A4441C0-AA26-486B-9369-620DB8D12C3D}.Release|Any CPU.ActiveCfg = Release|Any CPU
		{9A4441C0-AA26-486B-9369-620DB8D12C3D}.Release|Any CPU.Build.0 = Release|Any CPU
		{5F27E9C5-68F2-4D64-AEB3-779BF7A097D8}.Debug|Any CPU.ActiveCfg = Debug|Any CPU
		{5F27E9C5-68F2-4D64-AEB3-779BF7A097D8}.Debug|Any CPU.Build.0 = Debug|Any CPU
		{5F27E9C5-68F2-4D64-AEB3-779BF7A097D8}.Release|Any CPU.ActiveCfg = Release|Any CPU
		{5F27E9C5-68F2-4D64-AEB3-779BF7A097D8}.Release|Any CPU.Build.0 = Release|Any CPU
		{6FEF87BD-4736-44C3-847B-500DACC1525A}.Debug|Any CPU.ActiveCfg = Debug|Any CPU
		{6FEF87BD-4736-44C3-847B-500DACC1525A}.Debug|Any CPU.Build.0 = Debug|Any CPU
		{6FEF87BD-4736-44C3-847B-500DACC1525A}.Release|Any CPU.ActiveCfg = Release|Any CPU
		{6FEF87BD-4736-44C3-847B-500DACC1525A}.Release|Any CPU.Build.0 = Release|Any CPU
		{AAA5EB89-0AD8-4428-B608-0B703D92CAFF}.Debug|Any CPU.ActiveCfg = Debug|Any CPU
		{AAA5EB89-0AD8-4428-B608-0B703D92CAFF}.Debug|Any CPU.Build.0 = Debug|Any CPU
		{AAA5EB89-0AD8-4428-B608-0B703D92CAFF}.Release|Any CPU.ActiveCfg = Release|Any CPU
		{AAA5EB89-0AD8-4428-B608-0B703D92CAFF}.Release|Any CPU.Build.0 = Release|Any CPU
		{1B539711-2D07-45A0-A987-0FF3037E901D}.Debug|Any CPU.ActiveCfg = Debug|Any CPU
		{1B539711-2D07-45A0-A987-0FF3037E901D}.Debug|Any CPU.Build.0 = Debug|Any CPU
		{1B539711-2D07-45A0-A987-0FF3037E901D}.Release|Any CPU.ActiveCfg = Release|Any CPU
		{1B539711-2D07-45A0-A987-0FF3037E901D}.Release|Any CPU.Build.0 = Release|Any CPU
		{29DE16A5-D298-49B5-AAA6-7E0B0C566F3E}.Debug|Any CPU.ActiveCfg = Debug|Any CPU
		{29DE16A5-D298-49B5-AAA6-7E0B0C566F3E}.Debug|Any CPU.Build.0 = Debug|Any CPU
		{29DE16A5-D298-49B5-AAA6-7E0B0C566F3E}.Release|Any CPU.ActiveCfg = Release|Any CPU
		{29DE16A5-D298-49B5-AAA6-7E0B0C566F3E}.Release|Any CPU.Build.0 = Release|Any CPU
		{9FA77CF5-B499-4E2A-BD6C-7CE9C57314B4}.Debug|Any CPU.ActiveCfg = Debug|Any CPU
		{9FA77CF5-B499-4E2A-BD6C-7CE9C57314B4}.Debug|Any CPU.Build.0 = Debug|Any CPU
		{9FA77CF5-B499-4E2A-BD6C-7CE9C57314B4}.Release|Any CPU.ActiveCfg = Release|Any CPU
		{9FA77CF5-B499-4E2A-BD6C-7CE9C57314B4}.Release|Any CPU.Build.0 = Release|Any CPU
		{91ACD91F-EFF3-4B72-BB25-E4633DB30BE2}.Debug|Any CPU.ActiveCfg = Debug|Any CPU
		{91ACD91F-EFF3-4B72-BB25-E4633DB30BE2}.Debug|Any CPU.Build.0 = Debug|Any CPU
		{91ACD91F-EFF3-4B72-BB25-E4633DB30BE2}.Release|Any CPU.ActiveCfg = Release|Any CPU
		{91ACD91F-EFF3-4B72-BB25-E4633DB30BE2}.Release|Any CPU.Build.0 = Release|Any CPU
		{6C80D217-9A12-4B98-B9DB-9745C35E3D38}.Debug|Any CPU.ActiveCfg = Debug|Any CPU
		{6C80D217-9A12-4B98-B9DB-9745C35E3D38}.Debug|Any CPU.Build.0 = Debug|Any CPU
		{6C80D217-9A12-4B98-B9DB-9745C35E3D38}.Release|Any CPU.ActiveCfg = Release|Any CPU
		{6C80D217-9A12-4B98-B9DB-9745C35E3D38}.Release|Any CPU.Build.0 = Release|Any CPU
		{1B245706-E996-4D96-B6ED-32CF06CF47BB}.Debug|Any CPU.ActiveCfg = Debug|Any CPU
		{1B245706-E996-4D96-B6ED-32CF06CF47BB}.Debug|Any CPU.Build.0 = Debug|Any CPU
		{1B245706-E996-4D96-B6ED-32CF06CF47BB}.Release|Any CPU.ActiveCfg = Release|Any CPU
		{1B245706-E996-4D96-B6ED-32CF06CF47BB}.Release|Any CPU.Build.0 = Release|Any CPU
	EndGlobalSection
	GlobalSection(SolutionProperties) = preSolution
		HideSolutionNode = FALSE
	EndGlobalSection
	GlobalSection(NestedProjects) = preSolution
		{E9BE7803-9D47-46BF-AD8B-EE60FFE21E1C} = {714EC6A5-5562-4F01-A8FA-02D088CC73CD}
		{E7AE555E-31B8-494B-BD26-6CF3D9716C9E} = {D755C7A9-B931-4327-8F51-69300620B3B5}
		{4FF3E751-F860-4584-A608-0B8FFDF40853} = {D755C7A9-B931-4327-8F51-69300620B3B5}
		{EBA2816A-C8A1-486B-A544-69A51EA4BE57} = {E7AE555E-31B8-494B-BD26-6CF3D9716C9E}
		{C342E463-2989-4AE9-8F68-E041FB256EF6} = {4FF3E751-F860-4584-A608-0B8FFDF40853}
		{94D2B8C0-17C4-4074-95F4-A90D0B716F5D} = {E7AE555E-31B8-494B-BD26-6CF3D9716C9E}
		{919F2264-18AC-41AA-A6E4-D0B1D98F3BDE} = {E8B3861E-EB5A-4482-B1F8-A526F096B690}
		{C07B89DD-28C1-4894-B728-3449215D2AD6} = {E7AE555E-31B8-494B-BD26-6CF3D9716C9E}
		{AFC10FB5-D453-4E2D-8264-EAC643D2408A} = {E7AE555E-31B8-494B-BD26-6CF3D9716C9E}
		{9A4441C0-AA26-486B-9369-620DB8D12C3D} = {E7AE555E-31B8-494B-BD26-6CF3D9716C9E}
		{5F27E9C5-68F2-4D64-AEB3-779BF7A097D8} = {4FF3E751-F860-4584-A608-0B8FFDF40853}
		{6FEF87BD-4736-44C3-847B-500DACC1525A} = {4FF3E751-F860-4584-A608-0B8FFDF40853}
		{5679DA18-65A7-4292-8633-71C79BAA53A5} = {E7AE555E-31B8-494B-BD26-6CF3D9716C9E}
		{3987B37F-EB5F-417D-9E34-53CD4AA37F66} = {D755C7A9-B931-4327-8F51-69300620B3B5}
		{AAA5EB89-0AD8-4428-B608-0B703D92CAFF} = {3987B37F-EB5F-417D-9E34-53CD4AA37F66}
		{9BDDD242-BE44-4B3B-8A0E-71FC908F2854} = {4FF3E751-F860-4584-A608-0B8FFDF40853}
		{1B539711-2D07-45A0-A987-0FF3037E901D} = {9BDDD242-BE44-4B3B-8A0E-71FC908F2854}
		{29DE16A5-D298-49B5-AAA6-7E0B0C566F3E} = {5679DA18-65A7-4292-8633-71C79BAA53A5}
		{5302FF2B-9B32-4B44-A49E-EA79F6B2C848} = {714EC6A5-5562-4F01-A8FA-02D088CC73CD}
		{91ACD91F-EFF3-4B72-BB25-E4633DB30BE2} = {5302FF2B-9B32-4B44-A49E-EA79F6B2C848}
		{6C80D217-9A12-4B98-B9DB-9745C35E3D38} = {2635E835-D07B-49E4-BEF9-BCE2EFA0340C}
		{1B245706-E996-4D96-B6ED-32CF06CF47BB} = {6FE04A4A-E79B-4EAC-922C-72FA20308DA1}
	EndGlobalSection
	GlobalSection(ExtensibilityGlobals) = postSolution
		SolutionGuid = {EE89C135-C3A5-4387-8029-FF89C014DA99}
	EndGlobalSection
EndGlobal
